
Microsoft Visual Studio Solution File, Format Version 12.00
# Visual Studio Version 17
VisualStudioVersion = 17.11.35327.3
MinimumVisualStudioVersion = 10.0.40219.1
Project("{FAE04EC0-301F-11D3-BF4B-00C04F79EFBC}") = "GPOViewer", "GPOViewer\GPOViewer.csproj", "{805F4B75-571A-4CEB-B463-3A9487092FC4}"
EndProject
Project("{FAE04EC0-301F-11D3-BF4B-00C04F79EFBC}") = "GPOMonitoringService", "GPOMonitoringService\GPOMonitoringService.csproj", "{CD604A46-5E60-460C-BDC6-7CE3AF204DF4}"
EndProject
Global
	GlobalSection(SolutionConfigurationPlatforms) = preSolution
		Debug|Any CPU = Debug|Any CPU
		Release|Any CPU = Release|Any CPU
	EndGlobalSection
	GlobalSection(ProjectConfigurationPlatforms) = postSolution
		{805F4B75-571A-4CEB-B463-3A9487092FC4}.Debug|Any CPU.ActiveCfg = Debug|Any CPU
		{805F4B75-571A-4CEB-B463-3A9487092FC4}.Debug|Any CPU.Build.0 = Debug|Any CPU
		{805F4B75-571A-4CEB-B463-3A9487092FC4}.Release|Any CPU.ActiveCfg = Release|Any CPU
		{805F4B75-571A-4CEB-B463-3A9487092FC4}.Release|Any CPU.Build.0 = Release|Any CPU
		{CD604A46-5E60-460C-BDC6-7CE3AF204DF4}.Debug|Any CPU.ActiveCfg = Debug|Any CPU
		{CD604A46-5E60-460C-BDC6-7CE3AF204DF4}.Debug|Any CPU.Build.0 = Debug|Any CPU
		{CD604A46-5E60-460C-BDC6-7CE3AF204DF4}.Release|Any CPU.ActiveCfg = Release|Any CPU
		{CD604A46-5E60-460C-BDC6-7CE3AF204DF4}.Release|Any CPU.Build.0 = Release|Any CPU
	EndGlobalSection
	GlobalSection(SolutionProperties) = preSolution
		HideSolutionNode = FALSE
	EndGlobalSection
	GlobalSection(ExtensibilityGlobals) = postSolution
		SolutionGuid = {CC22F39A-9F43-467A-A4E0-AF8B6D50F595}
	EndGlobalSection
EndGlobal
